// !$*UTF8*$!
{
	archiveVersion = 1;
	classes = {
	};
	objectVersion = 46;
	objects = {

/* Begin PBXBuildFile section */
		B340D88E1A9D02E5003194FD /* Foundation.framework in Frameworks */ = {isa = PBXBuildFile; fileRef = B340D88D1A9D02E5003194FD /* Foundation.framework */; };
		B340D8901A9D02E5003194FD /* CoreGraphics.framework in Frameworks */ = {isa = PBXBuildFile; fileRef = B340D88F1A9D02E5003194FD /* CoreGraphics.framework */; };
		B340D8921A9D02E5003194FD /* UIKit.framework in Frameworks */ = {isa = PBXBuildFile; fileRef = B340D8911A9D02E5003194FD /* UIKit.framework */; };
		B340D8981A9D02E5003194FD /* InfoPlist.strings in Resources */ = {isa = PBXBuildFile; fileRef = B340D8961A9D02E5003194FD /* InfoPlist.strings */; };
		B340D89A1A9D02E5003194FD /* main.m in Sources */ = {isa = PBXBuildFile; fileRef = B340D8991A9D02E5003194FD /* main.m */; };
		B340D89E1A9D02E5003194FD /* AppDelegate.m in Sources */ = {isa = PBXBuildFile; fileRef = B340D89D1A9D02E5003194FD /* AppDelegate.m */; };
		B340D8A11A9D02E5003194FD /* Main.storyboard in Resources */ = {isa = PBXBuildFile; fileRef = B340D89F1A9D02E5003194FD /* Main.storyboard */; };
		B340D8A41A9D02E5003194FD /* ViewController.m in Sources */ = {isa = PBXBuildFile; fileRef = B340D8A31A9D02E5003194FD /* ViewController.m */; };
		B340D8A61A9D02E5003194FD /* Images.xcassets in Resources */ = {isa = PBXBuildFile; fileRef = B340D8A51A9D02E5003194FD /* Images.xcassets */; };
		B340D8AD1A9D02E5003194FD /* XCTest.framework in Frameworks */ = {isa = PBXBuildFile; fileRef = B340D8AC1A9D02E5003194FD /* XCTest.framework */; };
		B340D8AE1A9D02E5003194FD /* Foundation.framework in Frameworks */ = {isa = PBXBuildFile; fileRef = B340D88D1A9D02E5003194FD /* Foundation.framework */; };
		B340D8AF1A9D02E5003194FD /* UIKit.framework in Frameworks */ = {isa = PBXBuildFile; fileRef = B340D8911A9D02E5003194FD /* UIKit.framework */; };
		B340D8B71A9D02E5003194FD /* InfoPlist.strings in Resources */ = {isa = PBXBuildFile; fileRef = B340D8B51A9D02E5003194FD /* InfoPlist.strings */; };
		B340D8B91A9D02E5003194FD /* SwipeableTests.m in Sources */ = {isa = PBXBuildFile; fileRef = B340D8B81A9D02E5003194FD /* SwipeableTests.m */; };
		B340D8C41A9D033F003194FD /* SATableViewController.m in Sources */ = {isa = PBXBuildFile; fileRef = B340D8C31A9D033F003194FD /* SATableViewController.m */; };
		B340D8C71A9D040F003194FD /* SATableViewCell.m in Sources */ = {isa = PBXBuildFile; fileRef = B340D8C61A9D040F003194FD /* SATableViewCell.m */; };
		B340D8CA1A9D0496003194FD /* SATableView.m in Sources */ = {isa = PBXBuildFile; fileRef = B340D8C91A9D0496003194FD /* SATableView.m */; };
		B340D8D01A9D166E003194FD /* SwipeableData.m in Sources */ = {isa = PBXBuildFile; fileRef = B340D8CF1A9D166E003194FD /* SwipeableData.m */; };
/* End PBXBuildFile section */

/* Begin PBXContainerItemProxy section */
		B340D8B01A9D02E5003194FD /* PBXContainerItemProxy */ = {
			isa = PBXContainerItemProxy;
			containerPortal = B340D8821A9D02E5003194FD /* Project object */;
			proxyType = 1;
			remoteGlobalIDString = B340D8891A9D02E5003194FD;
			remoteInfo = Swipeable;
		};
/* End PBXContainerItemProxy section */

/* Begin PBXFileReference section */
		B340D88A1A9D02E5003194FD /* Swipeable.app */ = {isa = PBXFileReference; explicitFileType = wrapper.application; includeInIndex = 0; path = Swipeable.app; sourceTree = BUILT_PRODUCTS_DIR; };
		B340D88D1A9D02E5003194FD /* Foundation.framework */ = {isa = PBXFileReference; lastKnownFileType = wrapper.framework; name = Foundation.framework; path = System/Library/Frameworks/Foundation.framework; sourceTree = SDKROOT; };
		B340D88F1A9D02E5003194FD /* CoreGraphics.framework */ = {isa = PBXFileReference; lastKnownFileType = wrapper.framework; name = CoreGraphics.framework; path = System/Library/Frameworks/CoreGraphics.framework; sourceTree = SDKROOT; };
		B340D8911A9D02E5003194FD /* UIKit.framework */ = {isa = PBXFileReference; lastKnownFileType = wrapper.framework; name = UIKit.framework; path = System/Library/Frameworks/UIKit.framework; sourceTree = SDKROOT; };
		B340D8951A9D02E5003194FD /* Swipeable-Info.plist */ = {isa = PBXFileReference; lastKnownFileType = text.plist.xml; path = "Swipeable-Info.plist"; sourceTree = "<group>"; };
		B340D8971A9D02E5003194FD /* en */ = {isa = PBXFileReference; lastKnownFileType = text.plist.strings; name = en; path = en.lproj/InfoPlist.strings; sourceTree = "<group>"; };
		B340D8991A9D02E5003194FD /* main.m */ = {isa = PBXFileReference; lastKnownFileType = sourcecode.c.objc; path = main.m; sourceTree = "<group>"; };
		B340D89B1A9D02E5003194FD /* Swipeable-Prefix.pch */ = {isa = PBXFileReference; lastKnownFileType = sourcecode.c.h; path = "Swipeable-Prefix.pch"; sourceTree = "<group>"; };
		B340D89C1A9D02E5003194FD /* AppDelegate.h */ = {isa = PBXFileReference; lastKnownFileType = sourcecode.c.h; path = AppDelegate.h; sourceTree = "<group>"; };
		B340D89D1A9D02E5003194FD /* AppDelegate.m */ = {isa = PBXFileReference; lastKnownFileType = sourcecode.c.objc; path = AppDelegate.m; sourceTree = "<group>"; };
		B340D8A01A9D02E5003194FD /* Base */ = {isa = PBXFileReference; lastKnownFileType = file.storyboard; name = Base; path = Base.lproj/Main.storyboard; sourceTree = "<group>"; };
		B340D8A21A9D02E5003194FD /* ViewController.h */ = {isa = PBXFileReference; lastKnownFileType = sourcecode.c.h; path = ViewController.h; sourceTree = "<group>"; };
		B340D8A31A9D02E5003194FD /* ViewController.m */ = {isa = PBXFileReference; lastKnownFileType = sourcecode.c.objc; path = ViewController.m; sourceTree = "<group>"; };
		B340D8A51A9D02E5003194FD /* Images.xcassets */ = {isa = PBXFileReference; lastKnownFileType = folder.assetcatalog; path = Images.xcassets; sourceTree = "<group>"; };
		B340D8AB1A9D02E5003194FD /* SwipeableTests.xctest */ = {isa = PBXFileReference; explicitFileType = wrapper.cfbundle; includeInIndex = 0; path = SwipeableTests.xctest; sourceTree = BUILT_PRODUCTS_DIR; };
		B340D8AC1A9D02E5003194FD /* XCTest.framework */ = {isa = PBXFileReference; lastKnownFileType = wrapper.framework; name = XCTest.framework; path = Library/Frameworks/XCTest.framework; sourceTree = DEVELOPER_DIR; };
		B340D8B41A9D02E5003194FD /* SwipeableTests-Info.plist */ = {isa = PBXFileReference; lastKnownFileType = text.plist.xml; path = "SwipeableTests-Info.plist"; sourceTree = "<group>"; };
		B340D8B61A9D02E5003194FD /* en */ = {isa = PBXFileReference; lastKnownFileType = text.plist.strings; name = en; path = en.lproj/InfoPlist.strings; sourceTree = "<group>"; };
		B340D8B81A9D02E5003194FD /* SwipeableTests.m */ = {isa = PBXFileReference; lastKnownFileType = sourcecode.c.objc; path = SwipeableTests.m; sourceTree = "<group>"; };
		B340D8C21A9D033F003194FD /* SATableViewController.h */ = {isa = PBXFileReference; fileEncoding = 4; lastKnownFileType = sourcecode.c.h; path = SATableViewController.h; sourceTree = "<group>"; };
		B340D8C31A9D033F003194FD /* SATableViewController.m */ = {isa = PBXFileReference; fileEncoding = 4; lastKnownFileType = sourcecode.c.objc; path = SATableViewController.m; sourceTree = "<group>"; };
		B340D8C51A9D040F003194FD /* SATableViewCell.h */ = {isa = PBXFileReference; fileEncoding = 4; lastKnownFileType = sourcecode.c.h; path = SATableViewCell.h; sourceTree = "<group>"; };
		B340D8C61A9D040F003194FD /* SATableViewCell.m */ = {isa = PBXFileReference; fileEncoding = 4; lastKnownFileType = sourcecode.c.objc; path = SATableViewCell.m; sourceTree = "<group>"; };
		B340D8C81A9D0496003194FD /* SATableView.h */ = {isa = PBXFileReference; fileEncoding = 4; lastKnownFileType = sourcecode.c.h; path = SATableView.h; sourceTree = "<group>"; };
		B340D8C91A9D0496003194FD /* SATableView.m */ = {isa = PBXFileReference; fileEncoding = 4; lastKnownFileType = sourcecode.c.objc; path = SATableView.m; sourceTree = "<group>"; };
		B340D8CE1A9D166E003194FD /* SwipeableData.h */ = {isa = PBXFileReference; fileEncoding = 4; lastKnownFileType = sourcecode.c.h; path = SwipeableData.h; sourceTree = "<group>"; };
		B340D8CF1A9D166E003194FD /* SwipeableData.m */ = {isa = PBXFileReference; fileEncoding = 4; lastKnownFileType = sourcecode.c.objc; path = SwipeableData.m; sourceTree = "<group>"; };
/* End PBXFileReference section */

/* Begin PBXFrameworksBuildPhase section */
		B340D8871A9D02E5003194FD /* Frameworks */ = {
			isa = PBXFrameworksBuildPhase;
			buildActionMask = 2147483647;
			files = (
				B340D8901A9D02E5003194FD /* CoreGraphics.framework in Frameworks */,
				B340D8921A9D02E5003194FD /* UIKit.framework in Frameworks */,
				B340D88E1A9D02E5003194FD /* Foundation.framework in Frameworks */,
			);
			runOnlyForDeploymentPostprocessing = 0;
		};
		B340D8A81A9D02E5003194FD /* Frameworks */ = {
			isa = PBXFrameworksBuildPhase;
			buildActionMask = 2147483647;
			files = (
				B340D8AD1A9D02E5003194FD /* XCTest.framework in Frameworks */,
				B340D8AF1A9D02E5003194FD /* UIKit.framework in Frameworks */,
				B340D8AE1A9D02E5003194FD /* Foundation.framework in Frameworks */,
			);
			runOnlyForDeploymentPostprocessing = 0;
		};
/* End PBXFrameworksBuildPhase section */

/* Begin PBXGroup section */
		B340D8811A9D02E5003194FD = {
			isa = PBXGroup;
			children = (
				B340D8931A9D02E5003194FD /* Swipeable */,
				B340D8B21A9D02E5003194FD /* SwipeableTests */,
				B340D88C1A9D02E5003194FD /* Frameworks */,
				B340D88B1A9D02E5003194FD /* Products */,
			);
			sourceTree = "<group>";
		};
		B340D88B1A9D02E5003194FD /* Products */ = {
			isa = PBXGroup;
			children = (
				B340D88A1A9D02E5003194FD /* Swipeable.app */,
				B340D8AB1A9D02E5003194FD /* SwipeableTests.xctest */,
			);
			name = Products;
			sourceTree = "<group>";
		};
		B340D88C1A9D02E5003194FD /* Frameworks */ = {
			isa = PBXGroup;
			children = (
				B340D88D1A9D02E5003194FD /* Foundation.framework */,
				B340D88F1A9D02E5003194FD /* CoreGraphics.framework */,
				B340D8911A9D02E5003194FD /* UIKit.framework */,
				B340D8AC1A9D02E5003194FD /* XCTest.framework */,
			);
			name = Frameworks;
			sourceTree = "<group>";
		};
		B340D8931A9D02E5003194FD /* Swipeable */ = {
			isa = PBXGroup;
			children = (
				B340D89C1A9D02E5003194FD /* AppDelegate.h */,
				B340D89D1A9D02E5003194FD /* AppDelegate.m */,
				B340D89F1A9D02E5003194FD /* Main.storyboard */,
				B340D8CE1A9D166E003194FD /* SwipeableData.h */,
				B340D8CF1A9D166E003194FD /* SwipeableData.m */,
				B340D8C21A9D033F003194FD /* SATableViewController.h */,
				B340D8C31A9D033F003194FD /* SATableViewController.m */,
				B340D8C81A9D0496003194FD /* SATableView.h */,
				B340D8C91A9D0496003194FD /* SATableView.m */,
				B340D8C51A9D040F003194FD /* SATableViewCell.h */,
				B340D8C61A9D040F003194FD /* SATableViewCell.m */,
				B340D8A21A9D02E5003194FD /* ViewController.h */,
				B340D8A31A9D02E5003194FD /* ViewController.m */,
				B340D8A51A9D02E5003194FD /* Images.xcassets */,
				B340D8941A9D02E5003194FD /* Supporting Files */,
			);
			path = Swipeable;
			sourceTree = "<group>";
		};
		B340D8941A9D02E5003194FD /* Supporting Files */ = {
			isa = PBXGroup;
			children = (
				B340D8951A9D02E5003194FD /* Swipeable-Info.plist */,
				B340D8961A9D02E5003194FD /* InfoPlist.strings */,
				B340D8991A9D02E5003194FD /* main.m */,
				B340D89B1A9D02E5003194FD /* Swipeable-Prefix.pch */,
			);
			name = "Supporting Files";
			sourceTree = "<group>";
		};
		B340D8B21A9D02E5003194FD /* SwipeableTests */ = {
			isa = PBXGroup;
			children = (
				B340D8B81A9D02E5003194FD /* SwipeableTests.m */,
				B340D8B31A9D02E5003194FD /* Supporting Files */,
			);
			path = SwipeableTests;
			sourceTree = "<group>";
		};
		B340D8B31A9D02E5003194FD /* Supporting Files */ = {
			isa = PBXGroup;
			children = (
				B340D8B41A9D02E5003194FD /* SwipeableTests-Info.plist */,
				B340D8B51A9D02E5003194FD /* InfoPlist.strings */,
			);
			name = "Supporting Files";
			sourceTree = "<group>";
		};
/* End PBXGroup section */

/* Begin PBXNativeTarget section */
		B340D8891A9D02E5003194FD /* Swipeable */ = {
			isa = PBXNativeTarget;
			buildConfigurationList = B340D8BC1A9D02E5003194FD /* Build configuration list for PBXNativeTarget "Swipeable" */;
			buildPhases = (
				B340D8861A9D02E5003194FD /* Sources */,
				B340D8871A9D02E5003194FD /* Frameworks */,
				B340D8881A9D02E5003194FD /* Resources */,
			);
			buildRules = (
			);
			dependencies = (
			);
			name = Swipeable;
			productName = Swipeable;
			productReference = B340D88A1A9D02E5003194FD /* Swipeable.app */;
			productType = "com.apple.product-type.application";
		};
		B340D8AA1A9D02E5003194FD /* SwipeableTests */ = {
			isa = PBXNativeTarget;
			buildConfigurationList = B340D8BF1A9D02E5003194FD /* Build configuration list for PBXNativeTarget "SwipeableTests" */;
			buildPhases = (
				B340D8A71A9D02E5003194FD /* Sources */,
				B340D8A81A9D02E5003194FD /* Frameworks */,
				B340D8A91A9D02E5003194FD /* Resources */,
			);
			buildRules = (
			);
			dependencies = (
				B340D8B11A9D02E5003194FD /* PBXTargetDependency */,
			);
			name = SwipeableTests;
			productName = SwipeableTests;
			productReference = B340D8AB1A9D02E5003194FD /* SwipeableTests.xctest */;
			productType = "com.apple.product-type.bundle.unit-test";
		};
/* End PBXNativeTarget section */

/* Begin PBXProject section */
		B340D8821A9D02E5003194FD /* Project object */ = {
			isa = PBXProject;
			attributes = {
				LastUpgradeCheck = 0510;
				ORGANIZATIONNAME = AO;
				TargetAttributes = {
					B340D8AA1A9D02E5003194FD = {
						TestTargetID = B340D8891A9D02E5003194FD;
					};
				};
			};
			buildConfigurationList = B340D8851A9D02E5003194FD /* Build configuration list for PBXProject "Swipeable" */;
			compatibilityVersion = "Xcode 3.2";
			developmentRegion = English;
			hasScannedForEncodings = 0;
			knownRegions = (
				en,
				Base,
			);
			mainGroup = B340D8811A9D02E5003194FD;
			productRefGroup = B340D88B1A9D02E5003194FD /* Products */;
			projectDirPath = "";
			projectRoot = "";
			targets = (
				B340D8891A9D02E5003194FD /* Swipeable */,
				B340D8AA1A9D02E5003194FD /* SwipeableTests */,
			);
		};
/* End PBXProject section */

/* Begin PBXResourcesBuildPhase section */
		B340D8881A9D02E5003194FD /* Resources */ = {
			isa = PBXResourcesBuildPhase;
			buildActionMask = 2147483647;
			files = (
				B340D8A61A9D02E5003194FD /* Images.xcassets in Resources */,
				B340D8981A9D02E5003194FD /* InfoPlist.strings in Resources */,
				B340D8A11A9D02E5003194FD /* Main.storyboard in Resources */,
			);
			runOnlyForDeploymentPostprocessing = 0;
		};
		B340D8A91A9D02E5003194FD /* Resources */ = {
			isa = PBXResourcesBuildPhase;
			buildActionMask = 2147483647;
			files = (
				B340D8B71A9D02E5003194FD /* InfoPlist.strings in Resources */,
			);
			runOnlyForDeploymentPostprocessing = 0;
		};
/* End PBXResourcesBuildPhase section */

/* Begin PBXSourcesBuildPhase section */
		B340D8861A9D02E5003194FD /* Sources */ = {
			isa = PBXSourcesBuildPhase;
			buildActionMask = 2147483647;
			files = (
				B340D8A41A9D02E5003194FD /* ViewController.m in Sources */,
				B340D8CA1A9D0496003194FD /* SATableView.m in Sources */,
				B340D8C41A9D033F003194FD /* SATableViewController.m in Sources */,
				B340D8C71A9D040F003194FD /* SATableViewCell.m in Sources */,
				B340D8D01A9D166E003194FD /* SwipeableData.m in Sources */,
				B340D89E1A9D02E5003194FD /* AppDelegate.m in Sources */,
				B340D89A1A9D02E5003194FD /* main.m in Sources */,
			);
			runOnlyForDeploymentPostprocessing = 0;
		};
		B340D8A71A9D02E5003194FD /* Sources */ = {
			isa = PBXSourcesBuildPhase;
			buildActionMask = 2147483647;
			files = (
				B340D8B91A9D02E5003194FD /* SwipeableTests.m in Sources */,
			);
			runOnlyForDeploymentPostprocessing = 0;
		};
/* End PBXSourcesBuildPhase section */

/* Begin PBXTargetDependency section */
		B340D8B11A9D02E5003194FD /* PBXTargetDependency */ = {
			isa = PBXTargetDependency;
			target = B340D8891A9D02E5003194FD /* Swipeable */;
			targetProxy = B340D8B01A9D02E5003194FD /* PBXContainerItemProxy */;
		};
/* End PBXTargetDependency section */

/* Begin PBXVariantGroup section */
		B340D8961A9D02E5003194FD /* InfoPlist.strings */ = {
			isa = PBXVariantGroup;
			children = (
				B340D8971A9D02E5003194FD /* en */,
			);
			name = InfoPlist.strings;
			sourceTree = "<group>";
		};
		B340D89F1A9D02E5003194FD /* Main.storyboard */ = {
			isa = PBXVariantGroup;
			children = (
				B340D8A01A9D02E5003194FD /* Base */,
			);
			name = Main.storyboard;
			sourceTree = "<group>";
		};
		B340D8B51A9D02E5003194FD /* InfoPlist.strings */ = {
			isa = PBXVariantGroup;
			children = (
				B340D8B61A9D02E5003194FD /* en */,
			);
			name = InfoPlist.strings;
			sourceTree = "<group>";
		};
/* End PBXVariantGroup section */

/* Begin XCBuildConfiguration section */
		B340D8BA1A9D02E5003194FD /* Debug */ = {
			isa = XCBuildConfiguration;
			buildSettings = {
				ALWAYS_SEARCH_USER_PATHS = NO;
				CLANG_CXX_LANGUAGE_STANDARD = "gnu++0x";
				CLANG_CXX_LIBRARY = "libc++";
				CLANG_ENABLE_MODULES = YES;
				CLANG_ENABLE_OBJC_ARC = YES;
				CLANG_WARN_BOOL_CONVERSION = YES;
				CLANG_WARN_CONSTANT_CONVERSION = YES;
				CLANG_WARN_DIRECT_OBJC_ISA_USAGE = YES_ERROR;
				CLANG_WARN_EMPTY_BODY = YES;
				CLANG_WARN_ENUM_CONVERSION = YES;
				CLANG_WARN_INT_CONVERSION = YES;
				CLANG_WARN_OBJC_ROOT_CLASS = YES_ERROR;
				CLANG_WARN__DUPLICATE_METHOD_MATCH = YES;
				"CODE_SIGN_IDENTITY[sdk=iphoneos*]" = "iPhone Developer";
				COPY_PHASE_STRIP = NO;
				GCC_C_LANGUAGE_STANDARD = gnu99;
				GCC_DYNAMIC_NO_PIC = NO;
				GCC_OPTIMIZATION_LEVEL = 0;
				GCC_PREPROCESSOR_DEFINITIONS = (
					"DEBUG=1",
					"$(inherited)",
				);
				GCC_SYMBOLS_PRIVATE_EXTERN = NO;
				GCC_WARN_64_TO_32_BIT_CONVERSION = YES;
				GCC_WARN_ABOUT_RETURN_TYPE = YES_ERROR;
				GCC_WARN_UNDECLARED_SELECTOR = YES;
				GCC_WARN_UNINITIALIZED_AUTOS = YES_AGGRESSIVE;
				GCC_WARN_UNUSED_FUNCTION = YES;
				GCC_WARN_UNUSED_VARIABLE = YES;
				IPHONEOS_DEPLOYMENT_TARGET = 7.1;
				ONLY_ACTIVE_ARCH = YES;
				SDKROOT = iphoneos;
			};
			name = Debug;
		};
		B340D8BB1A9D02E5003194FD /* Release */ = {
			isa = XCBuildConfiguration;
			buildSettings = {
				ALWAYS_SEARCH_USER_PATHS = NO;
				CLANG_CXX_LANGUAGE_STANDARD = "gnu++0x";
				CLANG_CXX_LIBRARY = "libc++";
				CLANG_ENABLE_MODULES = YES;
				CLANG_ENABLE_OBJC_ARC = YES;
				CLANG_WARN_BOOL_CONVERSION = YES;
				CLANG_WARN_CONSTANT_CONVERSION = YES;
				CLANG_WARN_DIRECT_OBJC_ISA_USAGE = YES_ERROR;
				CLANG_WARN_EMPTY_BODY = YES;
				CLANG_WARN_ENUM_CONVERSION = YES;
				CLANG_WARN_INT_CONVERSION = YES;
				CLANG_WARN_OBJC_ROOT_CLASS = YES_ERROR;
				CLANG_WARN__DUPLICATE_METHOD_MATCH = YES;
				"CODE_SIGN_IDENTITY[sdk=iphoneos*]" = "iPhone Developer";
				COPY_PHASE_STRIP = YES;
				ENABLE_NS_ASSERTIONS = NO;
				GCC_C_LANGUAGE_STANDARD = gnu99;
				GCC_WARN_64_TO_32_BIT_CONVERSION = YES;
				GCC_WARN_ABOUT_RETURN_TYPE = YES_ERROR;
				GCC_WARN_UNDECLARED_SELECTOR = YES;
				GCC_WARN_UNINITIALIZED_AUTOS = YES_AGGRESSIVE;
				GCC_WARN_UNUSED_FUNCTION = YES;
				GCC_WARN_UNUSED_VARIABLE = YES;
				IPHONEOS_DEPLOYMENT_TARGET = 7.1;
				SDKROOT = iphoneos;
				VALIDATE_PRODUCT = YES;
			};
			name = Release;
		};
		B340D8BD1A9D02E5003194FD /* Debug */ = {
			isa = XCBuildConfiguration;
			buildSettings = {
				ASSETCATALOG_COMPILER_APPICON_NAME = AppIcon;
				ASSETCATALOG_COMPILER_LAUNCHIMAGE_NAME = LaunchImage;
				GCC_PRECOMPILE_PREFIX_HEADER = YES;
				GCC_PREFIX_HEADER = "Swipeable/Swipeable-Prefix.pch";
				INFOPLIST_FILE = "Swipeable/Swipeable-Info.plist";
				PRODUCT_NAME = "$(TARGET_NAME)";
				WRAPPER_EXTENSION = app;
			};
			name = Debug;
		};
		B340D8BE1A9D02E5003194FD /* Release */ = {
			isa = XCBuildConfiguration;
			buildSettings = {
				ASSETCATALOG_COMPILER_APPICON_NAME = AppIcon;
				ASSETCATALOG_COMPILER_LAUNCHIMAGE_NAME = LaunchImage;
				GCC_PRECOMPILE_PREFIX_HEADER = YES;
				GCC_PREFIX_HEADER = "Swipeable/Swipeable-Prefix.pch";
				INFOPLIST_FILE = "Swipeable/Swipeable-Info.plist";
				PRODUCT_NAME = "$(TARGET_NAME)";
				WRAPPER_EXTENSION = app;
			};
			name = Release;
		};
		B340D8C01A9D02E5003194FD /* Debug */ = {
			isa = XCBuildConfiguration;
			buildSettings = {
				BUNDLE_LOADER = "$(BUILT_PRODUCTS_DIR)/Swipeable.app/Swipeable";
				FRAMEWORK_SEARCH_PATHS = (
					"$(SDKROOT)/Developer/Library/Frameworks",
					"$(inherited)",
					"$(DEVELOPER_FRAMEWORKS_DIR)",
				);
				GCC_PRECOMPILE_PREFIX_HEADER = YES;
				GCC_PREFIX_HEADER = "Swipeable/Swipeable-Prefix.pch";
				GCC_PREPROCESSOR_DEFINITIONS = (
					"DEBUG=1",
					"$(inherited)",
				);
				INFOPLIST_FILE = "SwipeableTests/SwipeableTests-Info.plist";
				PRODUCT_NAME = "$(TARGET_NAME)";
				TEST_HOST = "$(BUNDLE_LOADER)";
				WRAPPER_EXTENSION = xctest;
			};
			name = Debug;
		};
		B340D8C11A9D02E5003194FD /* Release */ = {
			isa = XCBuildConfiguration;
			buildSettings = {
				BUNDLE_LOADER = "$(BUILT_PRODUCTS_DIR)/Swipeable.app/Swipeable";
				FRAMEWORK_SEARCH_PATHS = (
					"$(SDKROOT)/Developer/Library/Frameworks",
					"$(inherited)",
					"$(DEVELOPER_FRAMEWORKS_DIR)",
				);
				GCC_PRECOMPILE_PREFIX_HEADER = YES;
				GCC_PREFIX_HEADER = "Swipeable/Swipeable-Prefix.pch";
				INFOPLIST_FILE = "SwipeableTests/SwipeableTests-Info.plist";
				PRODUCT_NAME = "$(TARGET_NAME)";
				TEST_HOST = "$(BUNDLE_LOADER)";
				WRAPPER_EXTENSION = xctest;
			};
			name = Release;
		};
/* End XCBuildConfiguration section */

/* Begin XCConfigurationList section */
		B340D8851A9D02E5003194FD /* Build configuration list for PBXProject "Swipeable" */ = {
			isa = XCConfigurationList;
			buildConfigurations = (
				B340D8BA1A9D02E5003194FD /* Debug */,
				B340D8BB1A9D02E5003194FD /* Release */,
			);
			defaultConfigurationIsVisible = 0;
			defaultConfigurationName = Release;
		};
		B340D8BC1A9D02E5003194FD /* Build configuration list for PBXNativeTarget "Swipeable" */ = {
			isa = XCConfigurationList;
			buildConfigurations = (
				B340D8BD1A9D02E5003194FD /* Debug */,
				B340D8BE1A9D02E5003194FD /* Release */,
			);
			defaultConfigurationIsVisible = 0;
		};
		B340D8BF1A9D02E5003194FD /* Build configuration list for PBXNativeTarget "SwipeableTests" */ = {
			isa = XCConfigurationList;
			buildConfigurations = (
				B340D8C01A9D02E5003194FD /* Debug */,
				B340D8C11A9D02E5003194FD /* Release */,
			);
			defaultConfigurationIsVisible = 0;
		};
/* End XCConfigurationList section */
	};
	rootObject = B340D8821A9D02E5003194FD /* Project object */;
}
